Microsoft Visual Studio Solution File, Format Version 12.00
# Visual Studio Version 16
VisualStudioVersion = 16.0.29613.14
MinimumVisualStudioVersion = 15.0.26124.0
Project("{2150E333-8FDC-42A3-9474-1A3956D46DE8}") = "Tests", "Tests", "{BC88894B-F8D1-4AB5-9F5A-8D7372F14E2C}"
EndProject
Project("{9A19103F-16F7-4668-BE54-9A1E7A4F7556}") = "Snapshooter.Xunit.Tests", "Snapshooter.Xunit.Tests\Snapshooter.Xunit.Tests.csproj", "{1126B0BA-2A36-4B48-92C9-987DE10FC13B}"
EndProject
Project("{9A19103F-16F7-4668-BE54-9A1E7A4F7556}") = "Snapshooter.Xunit", "Snapshooter.Xunit\Snapshooter.Xunit.csproj", "{D888581A-CCA4-485F-AED0-4D7B53D4BE54}"
EndProject
Project("{9A19103F-16F7-4668-BE54-9A1E7A4F7556}") = "Snapshooter", "Snapshooter\Snapshooter.csproj", "{CE01C341-C674-4E4A-B490-BBFF354803C9}"
EndProject
Project("{9A19103F-16F7-4668-BE54-9A1E7A4F7556}") = "Snapshooter.Json", "Snapshooter.Json\Snapshooter.Json.csproj", "{679B413A-F26D-4F83-8BBF-5747B76567F8}"
EndProject
Project("{9A19103F-16F7-4668-BE54-9A1E7A4F7556}") = "Snapshooter.Json.Tests", "Snapshooter.Json.Tests\Snapshooter.Json.Tests.csproj", "{12FDBA30-116C-4EE9-96B5-0EF27F89AC36}"
EndProject
Project("{9A19103F-16F7-4668-BE54-9A1E7A4F7556}") = "Snapshooter.Tests", "Snapshooter.Tests\Snapshooter.Tests.csproj", "{6A2C767C-0B79-4A36-80B3-2BB4D9F73DC5}"
EndProject
Project("{9A19103F-16F7-4668-BE54-9A1E7A4F7556}") = "Snapshooter.Tests.Data", "Snapshooter.Tests.Data\Snapshooter.Tests.Data.csproj", "{A7094CE2-DC27-45C5-94B1-FBB262203CCD}"
EndProject
Project("{FAE04EC0-301F-11D3-BF4B-00C04F79EFBC}") = "Snapshooter.NUnit", "Snapshooter.NUnit\Snapshooter.NUnit.csproj", "{37A500BF-5B82-435F-9CC8-6D9313A7E3CC}"
EndProject
Project("{FAE04EC0-301F-11D3-BF4B-00C04F79EFBC}") = "Snapshooter.NUnit.Tests", "Snapshooter.NUnit.Tests\Snapshooter.NUnit.Tests.csproj", "{126EE69D-36B4-4E61-8E94-FAC9720A71D7}"
EndProject
Global
	GlobalSection(SolutionConfigurationPlatforms) = preSolution
		Debug|Any CPU = Debug|Any CPU
		Debug|x64 = Debug|x64
		Debug|x86 = Debug|x86
		Release|Any CPU = Release|Any CPU
		Release|x64 = Release|x64
		Release|x86 = Release|x86
	EndGlobalSection
	GlobalSection(ProjectConfigurationPlatforms) = postSolution
		{1126B0BA-2A36-4B48-92C9-987DE10FC13B}.Debug|Any CPU.ActiveCfg = Debug|Any CPU
		{1126B0BA-2A36-4B48-92C9-987DE10FC13B}.Debug|Any CPU.Build.0 = Debug|Any CPU
		{1126B0BA-2A36-4B48-92C9-987DE10FC13B}.Debug|x64.ActiveCfg = Debug|Any CPU
		{1126B0BA-2A36-4B48-92C9-987DE10FC13B}.Debug|x64.Build.0 = Debug|Any CPU
		{1126B0BA-2A36-4B48-92C9-987DE10FC13B}.Debug|x86.ActiveCfg = Debug|Any CPU
		{1126B0BA-2A36-4B48-92C9-987DE10FC13B}.Debug|x86.Build.0 = Debug|Any CPU
		{1126B0BA-2A36-4B48-92C9-987DE10FC13B}.Release|Any CPU.ActiveCfg = Release|Any CPU
		{1126B0BA-2A36-4B48-92C9-987DE10FC13B}.Release|Any CPU.Build.0 = Release|Any CPU
		{1126B0BA-2A36-4B48-92C9-987DE10FC13B}.Release|x64.ActiveCfg = Release|Any CPU
		{1126B0BA-2A36-4B48-92C9-987DE10FC13B}.Release|x64.Build.0 = Release|Any CPU
		{1126B0BA-2A36-4B48-92C9-987DE10FC13B}.Release|x86.ActiveCfg = Release|Any CPU
		{1126B0BA-2A36-4B48-92C9-987DE10FC13B}.Release|x86.Build.0 = Release|Any CPU
		{D888581A-CCA4-485F-AED0-4D7B53D4BE54}.Debug|Any CPU.ActiveCfg = Debug|Any CPU
		{D888581A-CCA4-485F-AED0-4D7B53D4BE54}.Debug|Any CPU.Build.0 = Debug|Any CPU
		{D888581A-CCA4-485F-AED0-4D7B53D4BE54}.Debug|x64.ActiveCfg = Debug|Any CPU
		{D888581A-CCA4-485F-AED0-4D7B53D4BE54}.Debug|x64.Build.0 = Debug|Any CPU
		{D888581A-CCA4-485F-AED0-4D7B53D4BE54}.Debug|x86.ActiveCfg = Debug|Any CPU
		{D888581A-CCA4-485F-AED0-4D7B53D4BE54}.Debug|x86.Build.0 = Debug|Any CPU
		{D888581A-CCA4-485F-AED0-4D7B53D4BE54}.Release|Any CPU.ActiveCfg = Release|Any CPU
		{D888581A-CCA4-485F-AED0-4D7B53D4BE54}.Release|Any CPU.Build.0 = Release|Any CPU
		{D888581A-CCA4-485F-AED0-4D7B53D4BE54}.Release|x64.ActiveCfg = Release|Any CPU
		{D888581A-CCA4-485F-AED0-4D7B53D4BE54}.Release|x64.Build.0 = Release|Any CPU
		{D888581A-CCA4-485F-AED0-4D7B53D4BE54}.Release|x86.ActiveCfg = Release|Any CPU
		{D888581A-CCA4-485F-AED0-4D7B53D4BE54}.Release|x86.Build.0 = Release|Any CPU
		{CE01C341-C674-4E4A-B490-BBFF354803C9}.Debug|Any CPU.ActiveCfg = Debug|Any CPU
		{CE01C341-C674-4E4A-B490-BBFF354803C9}.Debug|Any CPU.Build.0 = Debug|Any CPU
		{CE01C341-C674-4E4A-B490-BBFF354803C9}.Debug|x64.ActiveCfg = Debug|Any CPU
		{CE01C341-C674-4E4A-B490-BBFF354803C9}.Debug|x64.Build.0 = Debug|Any CPU
		{CE01C341-C674-4E4A-B490-BBFF354803C9}.Debug|x86.ActiveCfg = Debug|Any CPU
		{CE01C341-C674-4E4A-B490-BBFF354803C9}.Debug|x86.Build.0 = Debug|Any CPU
		{CE01C341-C674-4E4A-B490-BBFF354803C9}.Release|Any CPU.ActiveCfg = Release|Any CPU
		{CE01C341-C674-4E4A-B490-BBFF354803C9}.Release|Any CPU.Build.0 = Release|Any CPU
		{CE01C341-C674-4E4A-B490-BBFF354803C9}.Release|x64.ActiveCfg = Release|Any CPU
		{CE01C341-C674-4E4A-B490-BBFF354803C9}.Release|x64.Build.0 = Release|Any CPU
		{CE01C341-C674-4E4A-B490-BBFF354803C9}.Release|x86.ActiveCfg = Release|Any CPU
		{CE01C341-C674-4E4A-B490-BBFF354803C9}.Release|x86.Build.0 = Release|Any CPU
		{679B413A-F26D-4F83-8BBF-5747B76567F8}.Debug|Any CPU.ActiveCfg = Debug|Any CPU
		{679B413A-F26D-4F83-8BBF-5747B76567F8}.Debug|Any CPU.Build.0 = Debug|Any CPU
		{679B413A-F26D-4F83-8BBF-5747B76567F8}.Debug|x64.ActiveCfg = Debug|Any CPU
		{679B413A-F26D-4F83-8BBF-5747B76567F8}.Debug|x64.Build.0 = Debug|Any CPU
		{679B413A-F26D-4F83-8BBF-5747B76567F8}.Debug|x86.ActiveCfg = Debug|Any CPU
		{679B413A-F26D-4F83-8BBF-5747B76567F8}.Debug|x86.Build.0 = Debug|Any CPU
		{679B413A-F26D-4F83-8BBF-5747B76567F8}.Release|Any CPU.ActiveCfg = Release|Any CPU
		{679B413A-F26D-4F83-8BBF-5747B76567F8}.Release|Any CPU.Build.0 = Release|Any CPU
		{679B413A-F26D-4F83-8BBF-5747B76567F8}.Release|x64.ActiveCfg = Release|Any CPU
		{679B413A-F26D-4F83-8BBF-5747B76567F8}.Release|x64.Build.0 = Release|Any CPU
		{679B413A-F26D-4F83-8BBF-5747B76567F8}.Release|x86.ActiveCfg = Release|Any CPU
		{679B413A-F26D-4F83-8BBF-5747B76567F8}.Release|x86.Build.0 = Release|Any CPU
		{12FDBA30-116C-4EE9-96B5-0EF27F89AC36}.Debug|Any CPU.ActiveCfg = Debug|Any CPU
		{12FDBA30-116C-4EE9-96B5-0EF27F89AC36}.Debug|Any CPU.Build.0 = Debug|Any CPU
		{12FDBA30-116C-4EE9-96B5-0EF27F89AC36}.Debug|x64.ActiveCfg = Debug|Any CPU
		{12FDBA30-116C-4EE9-96B5-0EF27F89AC36}.Debug|x64.Build.0 = Debug|Any CPU
		{12FDBA30-116C-4EE9-96B5-0EF27F89AC36}.Debug|x86.ActiveCfg = Debug|Any CPU
		{12FDBA30-116C-4EE9-96B5-0EF27F89AC36}.Debug|x86.Build.0 = Debug|Any CPU
		{12FDBA30-116C-4EE9-96B5-0EF27F89AC36}.Release|Any CPU.ActiveCfg = Release|Any CPU
		{12FDBA30-116C-4EE9-96B5-0EF27F89AC36}.Release|Any CPU.Build.0 = Release|Any CPU
		{12FDBA30-116C-4EE9-96B5-0EF27F89AC36}.Release|x64.ActiveCfg = Release|Any CPU
		{12FDBA30-116C-4EE9-96B5-0EF27F89AC36}.Release|x64.Build.0 = Release|Any CPU
		{12FDBA30-116C-4EE9-96B5-0EF27F89AC36}.Release|x86.ActiveCfg = Release|Any CPU
		{12FDBA30-116C-4EE9-96B5-0EF27F89AC36}.Release|x86.Build.0 = Release|Any CPU
		{6A2C767C-0B79-4A36-80B3-2BB4D9F73DC5}.Debug|Any CPU.ActiveCfg = Debug|Any CPU
		{6A2C767C-0B79-4A36-80B3-2BB4D9F73DC5}.Debug|Any CPU.Build.0 = Debug|Any CPU
		{6A2C767C-0B79-4A36-80B3-2BB4D9F73DC5}.Debug|x64.ActiveCfg = Debug|Any CPU
		{6A2C767C-0B79-4A36-80B3-2BB4D9F73DC5}.Debug|x64.Build.0 = Debug|Any CPU
		{6A2C767C-0B79-4A36-80B3-2BB4D9F73DC5}.Debug|x86.ActiveCfg = Debug|Any CPU
		{6A2C767C-0B79-4A36-80B3-2BB4D9F73DC5}.Debug|x86.Build.0 = Debug|Any CPU
		{6A2C767C-0B79-4A36-80B3-2BB4D9F73DC5}.Release|Any CPU.ActiveCfg = Release|Any CPU
		{6A2C767C-0B79-4A36-80B3-2BB4D9F73DC5}.Release|Any CPU.Build.0 = Release|Any CPU
		{6A2C767C-0B79-4A36-80B3-2BB4D9F73DC5}.Release|x64.ActiveCfg = Release|Any CPU
		{6A2C767C-0B79-4A36-80B3-2BB4D9F73DC5}.Release|x64.Build.0 = Release|Any CPU
		{6A2C767C-0B79-4A36-80B3-2BB4D9F73DC5}.Release|x86.ActiveCfg = Release|Any CPU
		{6A2C767C-0B79-4A36-80B3-2BB4D9F73DC5}.Release|x86.Build.0 = Release|Any CPU
		{A7094CE2-DC27-45C5-94B1-FBB262203CCD}.Debug|Any CPU.ActiveCfg = Debug|Any CPU
		{A7094CE2-DC27-45C5-94B1-FBB262203CCD}.Debug|Any CPU.Build.0 = Debug|Any CPU
		{A7094CE2-DC27-45C5-94B1-FBB262203CCD}.Debug|x64.ActiveCfg = Debug|Any CPU
		{A7094CE2-DC27-45C5-94B1-FBB262203CCD}.Debug|x64.Build.0 = Debug|Any CPU
		{A7094CE2-DC27-45C5-94B1-FBB262203CCD}.Debug|x86.ActiveCfg = Debug|Any CPU
		{A7094CE2-DC27-45C5-94B1-FBB262203CCD}.Debug|x86.Build.0 = Debug|Any CPU
		{A7094CE2-DC27-45C5-94B1-FBB262203CCD}.Release|Any CPU.ActiveCfg = Release|Any CPU
		{A7094CE2-DC27-45C5-94B1-FBB262203CCD}.Release|Any CPU.Build.0 = Release|Any CPU
		{A7094CE2-DC27-45C5-94B1-FBB262203CCD}.Release|x64.ActiveCfg = Release|Any CPU
		{A7094CE2-DC27-45C5-94B1-FBB262203CCD}.Release|x64.Build.0 = Release|Any CPU
		{A7094CE2-DC27-45C5-94B1-FBB262203CCD}.Release|x86.ActiveCfg = Release|Any CPU
		{A7094CE2-DC27-45C5-94B1-FBB262203CCD}.Release|x86.Build.0 = Release|Any CPU
		{37A500BF-5B82-435F-9CC8-6D9313A7E3CC}.Debug|Any CPU.ActiveCfg = Debug|Any CPU
		{37A500BF-5B82-435F-9CC8-6D9313A7E3CC}.Debug|Any CPU.Build.0 = Debug|Any CPU
		{37A500BF-5B82-435F-9CC8-6D9313A7E3CC}.Debug|x64.ActiveCfg = Debug|Any CPU
		{37A500BF-5B82-435F-9CC8-6D9313A7E3CC}.Debug|x64.Build.0 = Debug|Any CPU
		{37A500BF-5B82-435F-9CC8-6D9313A7E3CC}.Debug|x86.ActiveCfg = Debug|Any CPU
		{37A500BF-5B82-435F-9CC8-6D9313A7E3CC}.Debug|x86.Build.0 = Debug|Any CPU
		{37A500BF-5B82-435F-9CC8-6D9313A7E3CC}.Release|Any CPU.ActiveCfg = Release|Any CPU
		{37A500BF-5B82-435F-9CC8-6D9313A7E3CC}.Release|Any CPU.Build.0 = Release|Any CPU
		{37A500BF-5B82-435F-9CC8-6D9313A7E3CC}.Release|x64.ActiveCfg = Release|Any CPU
		{37A500BF-5B82-435F-9CC8-6D9313A7E3CC}.Release|x64.Build.0 = Release|Any CPU
		{37A500BF-5B82-435F-9CC8-6D9313A7E3CC}.Release|x86.ActiveCfg = Release|Any CPU
		{37A500BF-5B82-435F-9CC8-6D9313A7E3CC}.Release|x86.Build.0 = Release|Any CPU
		{126EE69D-36B4-4E61-8E94-FAC9720A71D7}.Debug|Any CPU.ActiveCfg = Debug|Any CPU
		{126EE69D-36B4-4E61-8E94-FAC9720A71D7}.Debug|Any CPU.Build.0 = Debug|Any CPU
		{126EE69D-36B4-4E61-8E94-FAC9720A71D7}.Debug|x64.ActiveCfg = Debug|Any CPU
		{126EE69D-36B4-4E61-8E94-FAC9720A71D7}.Debug|x64.Build.0 = Debug|Any CPU
		{126EE69D-36B4-4E61-8E94-FAC9720A71D7}.Debug|x86.ActiveCfg = Debug|Any CPU
		{126EE69D-36B4-4E61-8E94-FAC9720A71D7}.Debug|x86.Build.0 = Debug|Any CPU
		{126EE69D-36B4-4E61-8E94-FAC9720A71D7}.Release|Any CPU.ActiveCfg = Release|Any CPU
		{126EE69D-36B4-4E61-8E94-FAC9720A71D7}.Release|Any CPU.Build.0 = Release|Any CPU
		{126EE69D-36B4-4E61-8E94-FAC9720A71D7}.Release|x64.ActiveCfg = Release|Any CPU
		{126EE69D-36B4-4E61-8E94-FAC9720A71D7}.Release|x64.Build.0 = Release|Any CPU
		{126EE69D-36B4-4E61-8E94-FAC9720A71D7}.Release|x86.ActiveCfg = Release|Any CPU
		{126EE69D-36B4-4E61-8E94-FAC9720A71D7}.Release|x86.Build.0 = Release|Any CPU
	EndGlobalSection
	GlobalSection(SolutionProperties) = preSolution
		HideSolutionNode = FALSE
	EndGlobalSection
	GlobalSection(NestedProjects) = preSolution
		{1126B0BA-2A36-4B48-92C9-987DE10FC13B} = {BC88894B-F8D1-4AB5-9F5A-8D7372F14E2C}
		{12FDBA30-116C-4EE9-96B5-0EF27F89AC36} = {BC88894B-F8D1-4AB5-9F5A-8D7372F14E2C}
		{6A2C767C-0B79-4A36-80B3-2BB4D9F73DC5} = {BC88894B-F8D1-4AB5-9F5A-8D7372F14E2C}
		{A7094CE2-DC27-45C5-94B1-FBB262203CCD} = {BC88894B-F8D1-4AB5-9F5A-8D7372F14E2C}
		{126EE69D-36B4-4E61-8E94-FAC9720A71D7} = {BC88894B-F8D1-4AB5-9F5A-8D7372F14E2C}
	EndGlobalSection
	GlobalSection(ExtensibilityGlobals) = postSolution
		SolutionGuid = {2F64A2AB-ACA2-4E2D-B7E2-B87E93C66A24}
	EndGlobalSection
EndGlobal
